
Microsoft Visual Studio Solution File, Format Version 12.00
# Visual Studio Version 16
VisualStudioVersion = 16.0.29519.181
MinimumVisualStudioVersion = 10.0.40219.1
Project("{A07B5EB6-E848-4116-A8D0-A826331D98C6}") = "DistributedCache", "examples\DistributedCache\DistributedCache.sfproj", "{083FA0A4-F720-4F9E-97D1-77EB86A51F79}"
EndProject
Project("{9A19103F-16F7-4668-BE54-9A1E7A4F7556}") = "ClientApp", "examples\Services\ClientApp\ClientApp.csproj", "{0B98E889-AC0D-4772-A7E5-BDCC204F1A17}"
EndProject
Project("{9A19103F-16F7-4668-BE54-9A1E7A4F7556}") = "DistributedCacheStore", "examples\Services\DistributedCacheStore\DistributedCacheStore.csproj", "{78084B43-5F67-4F8E-BDE2-4D788A9C9B09}"
EndProject
Project("{9A19103F-16F7-4668-BE54-9A1E7A4F7556}") = "SoCreate.Extensions.Caching.ServiceFabric", "src\SoCreate.Extensions.Caching.ServiceFabric\SoCreate.Extensions.Caching.ServiceFabric.csproj", "{2CD13B96-A04B-4886-A32F-646DF237820E}"
EndProject
Project("{9A19103F-16F7-4668-BE54-9A1E7A4F7556}") = "SoCreate.Extensions.Caching.Tests", "tests\SoCreate.Extensions.Caching.Tests\SoCreate.Extensions.Caching.Tests.csproj", "{E5B6BE91-0114-4C98-8AEA-96C5A7E5026E}"
EndProject
Project("{2150E333-8FDC-42A3-9474-1A3956D46DE8}") = "examples", "examples", "{7F2A2566-D52A-49FD-AB75-C1145259F5F1}"
EndProject
Project("{9A19103F-16F7-4668-BE54-9A1E7A4F7556}") = "LoadTestApp", "examples\LoadTestApp\LoadTestApp.csproj", "{4FDBA5FD-14B5-4B03-85C6-3685CBE610D3}"
EndProject
Project("{2150E333-8FDC-42A3-9474-1A3956D46DE8}") = "src", "src", "{03079911-D689-4300-80F5-84040518D04C}"
EndProject
Project("{2150E333-8FDC-42A3-9474-1A3956D46DE8}") = "tests", "tests", "{BB3EDFF6-4B21-4562-8B9B-3C36A8089EF3}"
EndProject
Global
	GlobalSection(SolutionConfigurationPlatforms) = preSolution
		Debug|Any CPU = Debug|Any CPU
		Debug|x64 = Debug|x64
		Release|Any CPU = Release|Any CPU
		Release|x64 = Release|x64
	EndGlobalSection
	GlobalSection(ProjectConfigurationPlatforms) = postSolution
		{083FA0A4-F720-4F9E-97D1-77EB86A51F79}.Debug|Any CPU.ActiveCfg = Debug|x64
		{083FA0A4-F720-4F9E-97D1-77EB86A51F79}.Debug|Any CPU.Build.0 = Debug|x64
		{083FA0A4-F720-4F9E-97D1-77EB86A51F79}.Debug|Any CPU.Deploy.0 = Debug|x64
		{083FA0A4-F720-4F9E-97D1-77EB86A51F79}.Debug|x64.ActiveCfg = Debug|x64
		{083FA0A4-F720-4F9E-97D1-77EB86A51F79}.Debug|x64.Build.0 = Debug|x64
		{083FA0A4-F720-4F9E-97D1-77EB86A51F79}.Debug|x64.Deploy.0 = Debug|x64
		{083FA0A4-F720-4F9E-97D1-77EB86A51F79}.Release|Any CPU.ActiveCfg = Release|x64
		{083FA0A4-F720-4F9E-97D1-77EB86A51F79}.Release|x64.ActiveCfg = Release|x64
		{083FA0A4-F720-4F9E-97D1-77EB86A51F79}.Release|x64.Build.0 = Release|x64
		{083FA0A4-F720-4F9E-97D1-77EB86A51F79}.Release|x64.Deploy.0 = Release|x64
		{0B98E889-AC0D-4772-A7E5-BDCC204F1A17}.Debug|Any CPU.ActiveCfg = Debug|Any CPU
		{0B98E889-AC0D-4772-A7E5-BDCC204F1A17}.Debug|Any CPU.Build.0 = Debug|Any CPU
		{0B98E889-AC0D-4772-A7E5-BDCC204F1A17}.Debug|x64.ActiveCfg = Debug|Any CPU
		{0B98E889-AC0D-4772-A7E5-BDCC204F1A17}.Debug|x64.Build.0 = Debug|Any CPU
		{0B98E889-AC0D-4772-A7E5-BDCC204F1A17}.Release|Any CPU.ActiveCfg = Release|Any CPU
		{0B98E889-AC0D-4772-A7E5-BDCC204F1A17}.Release|Any CPU.Build.0 = Release|Any CPU
		{0B98E889-AC0D-4772-A7E5-BDCC204F1A17}.Release|x64.ActiveCfg = Release|Any CPU
		{0B98E889-AC0D-4772-A7E5-BDCC204F1A17}.Release|x64.Build.0 = Release|Any CPU
		{78084B43-5F67-4F8E-BDE2-4D788A9C9B09}.Debug|Any CPU.ActiveCfg = Debug|Any CPU
		{78084B43-5F67-4F8E-BDE2-4D788A9C9B09}.Debug|Any CPU.Build.0 = Debug|Any CPU
		{78084B43-5F67-4F8E-BDE2-4D788A9C9B09}.Debug|x64.ActiveCfg = Debug|Any CPU
		{78084B43-5F67-4F8E-BDE2-4D788A9C9B09}.Debug|x64.Build.0 = Debug|Any CPU
		{78084B43-5F67-4F8E-BDE2-4D788A9C9B09}.Release|Any CPU.ActiveCfg = Release|Any CPU
		{78084B43-5F67-4F8E-BDE2-4D788A9C9B09}.Release|Any CPU.Build.0 = Release|Any CPU
		{78084B43-5F67-4F8E-BDE2-4D788A9C9B09}.Release|x64.ActiveCfg = Release|Any CPU
		{78084B43-5F67-4F8E-BDE2-4D788A9C9B09}.Release|x64.Build.0 = Release|Any CPU
		{2CD13B96-A04B-4886-A32F-646DF237820E}.Debug|Any CPU.ActiveCfg = Debug|Any CPU
		{2CD13B96-A04B-4886-A32F-646DF237820E}.Debug|Any CPU.Build.0 = Debug|Any CPU
		{2CD13B96-A04B-4886-A32F-646DF237820E}.Debug|x64.ActiveCfg = Debug|Any CPU
		{2CD13B96-A04B-4886-A32F-646DF237820E}.Debug|x64.Build.0 = Debug|Any CPU
		{2CD13B96-A04B-4886-A32F-646DF237820E}.Release|Any CPU.ActiveCfg = Release|Any CPU
		{2CD13B96-A04B-4886-A32F-646DF237820E}.Release|Any CPU.Build.0 = Release|Any CPU
		{2CD13B96-A04B-4886-A32F-646DF237820E}.Release|x64.ActiveCfg = Release|Any CPU
		{2CD13B96-A04B-4886-A32F-646DF237820E}.Release|x64.Build.0 = Release|Any CPU
		{E5B6BE91-0114-4C98-8AEA-96C5A7E5026E}.Debug|Any CPU.ActiveCfg = Debug|Any CPU
		{E5B6BE91-0114-4C98-8AEA-96C5A7E5026E}.Debug|Any CPU.Build.0 = Debug|Any CPU
		{E5B6BE91-0114-4C98-8AEA-96C5A7E5026E}.Debug|x64.ActiveCfg = Debug|Any CPU
		{E5B6BE91-0114-4C98-8AEA-96C5A7E5026E}.Debug|x64.Build.0 = Debug|Any CPU
		{E5B6BE91-0114-4C98-8AEA-96C5A7E5026E}.Release|Any CPU.ActiveCfg = Release|Any CPU
		{E5B6BE91-0114-4C98-8AEA-96C5A7E5026E}.Release|Any CPU.Build.0 = Release|Any CPU
		{E5B6BE91-0114-4C98-8AEA-96C5A7E5026E}.Release|x64.ActiveCfg = Release|Any CPU
		{E5B6BE91-0114-4C98-8AEA-96C5A7E5026E}.Release|x64.Build.0 = Release|Any CPU
		{4FDBA5FD-14B5-4B03-85C6-3685CBE610D3}.Debug|Any CPU.ActiveCfg = Debug|Any CPU
		{4FDBA5FD-14B5-4B03-85C6-3685CBE610D3}.Debug|Any CPU.Build.0 = Debug|Any CPU
		{4FDBA5FD-14B5-4B03-85C6-3685CBE610D3}.Debug|x64.ActiveCfg = Debug|Any CPU
		{4FDBA5FD-14B5-4B03-85C6-3685CBE610D3}.Debug|x64.Build.0 = Debug|Any CPU
		{4FDBA5FD-14B5-4B03-85C6-3685CBE610D3}.Release|Any CPU.ActiveCfg = Release|Any CPU
		{4FDBA5FD-14B5-4B03-85C6-3685CBE610D3}.Release|Any CPU.Build.0 = Release|Any CPU
		{4FDBA5FD-14B5-4B03-85C6-3685CBE610D3}.Release|x64.ActiveCfg = Release|Any CPU
		{4FDBA5FD-14B5-4B03-85C6-3685CBE610D3}.Release|x64.Build.0 = Release|Any CPU
	EndGlobalSection
	GlobalSection(SolutionProperties) = preSolution
		HideSolutionNode = FALSE
	EndGlobalSection
	GlobalSection(NestedProjects) = preSolution
		{083FA0A4-F720-4F9E-97D1-77EB86A51F79} = {7F2A2566-D52A-49FD-AB75-C1145259F5F1}
		{0B98E889-AC0D-4772-A7E5-BDCC204F1A17} = {7F2A2566-D52A-49FD-AB75-C1145259F5F1}
		{78084B43-5F67-4F8E-BDE2-4D788A9C9B09} = {7F2A2566-D52A-49FD-AB75-C1145259F5F1}
		{2CD13B96-A04B-4886-A32F-646DF237820E} = {03079911-D689-4300-80F5-84040518D04C}
		{E5B6BE91-0114-4C98-8AEA-96C5A7E5026E} = {BB3EDFF6-4B21-4562-8B9B-3C36A8089EF3}
		{4FDBA5FD-14B5-4B03-85C6-3685CBE610D3} = {7F2A2566-D52A-49FD-AB75-C1145259F5F1}
	EndGlobalSection
	GlobalSection(ExtensibilityGlobals) = postSolution
		SolutionGuid = {CC598FD8-CADC-41C7-B6C1-B9BAB7A6496F}
	EndGlobalSection
EndGlobal
